
Microsoft Visual Studio Solution File, Format Version 12.00
# Visual Studio Version 17
VisualStudioVersion = 17.12.35527.113
MinimumVisualStudioVersion = 10.0.40219.1
Project("{FAE04EC0-301F-11D3-BF4B-00C04F79EFBC}") = "Easy.Net.Starter", "Easy.Net.Starter.csproj", "{ED30C232-9BCD-4545-8648-0627FF89834C}"
EndProject
Project("{FAE04EC0-301F-11D3-BF4B-00C04F79EFBC}") = "Easy.Net.Starter.Testeur", "..\Easy.Net.Starter.Testeur\Easy.Net.Starter.Testeur.csproj", "{1AD05BF8-9740-4318-A9C0-95FAFC914DCD}"
EndProject
Project("{FAE04EC0-301F-11D3-BF4B-00C04F79EFBC}") = "Easy.Net.Starter.Api", "..\Easy.Net.Starter.Api\Easy.Net.Starter.Api.csproj", "{BAC8CFA3-9A6D-4F25-B25E-F5A982F98900}"
EndProject
Global
	GlobalSection(SolutionConfigurationPlatforms) = preSolution
		Debug|Any CPU = Debug|Any CPU
		Release|Any CPU = Release|Any CPU
	EndGlobalSection
	GlobalSection(ProjectConfigurationPlatforms) = postSolution
		{ED30C232-9BCD-4545-8648-0627FF89834C}.Debug|Any CPU.ActiveCfg = Debug|Any CPU
		{ED30C232-9BCD-4545-8648-0627FF89834C}.Debug|Any CPU.Build.0 = Debug|Any CPU
		{ED30C232-9BCD-4545-8648-0627FF89834C}.Release|Any CPU.ActiveCfg = Release|Any CPU
		{ED30C232-9BCD-4545-8648-0627FF89834C}.Release|Any CPU.Build.0 = Release|Any CPU
		{1AD05BF8-9740-4318-A9C0-95FAFC914DCD}.Debug|Any CPU.ActiveCfg = Debug|Any CPU
		{1AD05BF8-9740-4318-A9C0-95FAFC914DCD}.Debug|Any CPU.Build.0 = Debug|Any CPU
		{1AD05BF8-9740-4318-A9C0-95FAFC914DCD}.Release|Any CPU.ActiveCfg = Release|Any CPU
		{1AD05BF8-9740-4318-A9C0-95FAFC914DCD}.Release|Any CPU.Build.0 = Release|Any CPU
		{BAC8CFA3-9A6D-4F25-B25E-F5A982F98900}.Debug|Any CPU.ActiveCfg = Debug|Any CPU
		{BAC8CFA3-9A6D-4F25-B25E-F5A982F98900}.Debug|Any CPU.Build.0 = Debug|Any CPU
		{BAC8CFA3-9A6D-4F25-B25E-F5A982F98900}.Release|Any CPU.ActiveCfg = Release|Any CPU
		{BAC8CFA3-9A6D-4F25-B25E-F5A982F98900}.Release|Any CPU.Build.0 = Release|Any CPU
	EndGlobalSection
	GlobalSection(SolutionProperties) = preSolution
		HideSolutionNode = FALSE
	EndGlobalSection
EndGlobal
